
Microsoft Visual Studio Solution File, Format Version 12.00
# Visual Studio Version 17
VisualStudioVersion = 17.4.33122.133
MinimumVisualStudioVersion = 10.0.40219.1
Project("{9A19103F-16F7-4668-BE54-9A1E7A4F7556}") = "PresentationLayer", "PresentationLayer.csproj", "{1CD90BEE-EDAC-43F0-B598-BF008041F21B}"
EndProject
Project("{9A19103F-16F7-4668-BE54-9A1E7A4F7556}") = "Models", "..\Models\Models.csproj", "{FBA1074F-EAB7-4B37-8861-1B9416706C9B}"
EndProject
Project("{9A19103F-16F7-4668-BE54-9A1E7A4F7556}") = "BusinessLogic", "..\BusinessLogic\BusinessLogic.csproj", "{426F09DB-6AFE-4518-A09A-CC58034B041E}"
EndProject
Project("{9A19103F-16F7-4668-BE54-9A1E7A4F7556}") = "DataAccessLayer", "..\DataAccessLayer.cs\DataAccessLayer.csproj", "{4D307D1D-3955-4085-A75D-D114CE3BF603}"
EndProject
Global
	GlobalSection(SolutionConfigurationPlatforms) = preSolution
		Debug|Any CPU = Debug|Any CPU
		Release|Any CPU = Release|Any CPU
	EndGlobalSection
	GlobalSection(ProjectConfigurationPlatforms) = postSolution
		{1CD90BEE-EDAC-43F0-B598-BF008041F21B}.Debug|Any CPU.ActiveCfg = Debug|Any CPU
		{1CD90BEE-EDAC-43F0-B598-BF008041F21B}.Debug|Any CPU.Build.0 = Debug|Any CPU
		{1CD90BEE-EDAC-43F0-B598-BF008041F21B}.Release|Any CPU.ActiveCfg = Release|Any CPU
		{1CD90BEE-EDAC-43F0-B598-BF008041F21B}.Release|Any CPU.Build.0 = Release|Any CPU
		{FBA1074F-EAB7-4B37-8861-1B9416706C9B}.Debug|Any CPU.ActiveCfg = Debug|Any CPU
		{FBA1074F-EAB7-4B37-8861-1B9416706C9B}.Debug|Any CPU.Build.0 = Debug|Any CPU
		{FBA1074F-EAB7-4B37-8861-1B9416706C9B}.Release|Any CPU.ActiveCfg = Release|Any CPU
		{FBA1074F-EAB7-4B37-8861-1B9416706C9B}.Release|Any CPU.Build.0 = Release|Any CPU
		{426F09DB-6AFE-4518-A09A-CC58034B041E}.Debug|Any CPU.ActiveCfg = Debug|Any CPU
		{426F09DB-6AFE-4518-A09A-CC58034B041E}.Debug|Any CPU.Build.0 = Debug|Any CPU
		{426F09DB-6AFE-4518-A09A-CC58034B041E}.Release|Any CPU.ActiveCfg = Release|Any CPU
		{426F09DB-6AFE-4518-A09A-CC58034B041E}.Release|Any CPU.Build.0 = Release|Any CPU
		{4D307D1D-3955-4085-A75D-D114CE3BF603}.Debug|Any CPU.ActiveCfg = Debug|Any CPU
		{4D307D1D-3955-4085-A75D-D114CE3BF603}.Debug|Any CPU.Build.0 = Debug|Any CPU
		{4D307D1D-3955-4085-A75D-D114CE3BF603}.Release|Any CPU.ActiveCfg = Release|Any CPU
		{4D307D1D-3955-4085-A75D-D114CE3BF603}.Release|Any CPU.Build.0 = Release|Any CPU
	EndGlobalSection
	GlobalSection(SolutionProperties) = preSolution
		HideSolutionNode = FALSE
	EndGlobalSection
	GlobalSection(ExtensibilityGlobals) = postSolution
		SolutionGuid = {59A3CF58-9688-4E2D-8996-660F23685AAC}
	EndGlobalSection
EndGlobal
